
Microsoft Visual Studio Solution File, Format Version 12.00
# Visual Studio Version 17
VisualStudioVersion = 17.7.34221.43
MinimumVisualStudioVersion = 10.0.40219.1
Project("{FAE04EC0-301F-11D3-BF4B-00C04F79EFBC}") = "CompanyAplication", "CompanyAplication\CompanyAplication.csproj", "{9FD27B57-608A-4B9F-B1B0-8CB4321F8018}"
EndProject
Project("{FAE04EC0-301F-11D3-BF4B-00C04F79EFBC}") = "CompanyAplication.Domain", "CompanyAplication.Domain\CompanyAplication.Domain.csproj", "{E443E7E9-A606-4BB5-A040-B53E0276078D}"
EndProject
Project("{FAE04EC0-301F-11D3-BF4B-00C04F79EFBC}") = "CompanyAplication.DataContex", "CompanyAplication.DataContex\CompanyAplication.DataContex.csproj", "{FD4F87AE-6F18-42F2-98E6-9940888D894F}"
EndProject
Project("{FAE04EC0-301F-11D3-BF4B-00C04F79EFBC}") = "CompanyAplication.Business", "CompanyAplication.Business\CompanyAplication.Business.csproj", "{EA7A9612-A7FD-4ACE-859A-AAA009AEA27E}"
EndProject
Project("{FAE04EC0-301F-11D3-BF4B-00C04F79EFBC}") = "CompanyAplication.Helper", "CompanyAplication.Helper\CompanyAplication.Helper.csproj", "{F6E5787F-6965-49F4-90CB-958F3997D2AA}"
EndProject
Global
	GlobalSection(SolutionConfigurationPlatforms) = preSolution
		Debug|Any CPU = Debug|Any CPU
		Release|Any CPU = Release|Any CPU
	EndGlobalSection
	GlobalSection(ProjectConfigurationPlatforms) = postSolution
		{9FD27B57-608A-4B9F-B1B0-8CB4321F8018}.Debug|Any CPU.ActiveCfg = Debug|Any CPU
		{9FD27B57-608A-4B9F-B1B0-8CB4321F8018}.Debug|Any CPU.Build.0 = Debug|Any CPU
		{9FD27B57-608A-4B9F-B1B0-8CB4321F8018}.Release|Any CPU.ActiveCfg = Release|Any CPU
		{9FD27B57-608A-4B9F-B1B0-8CB4321F8018}.Release|Any CPU.Build.0 = Release|Any CPU
		{E443E7E9-A606-4BB5-A040-B53E0276078D}.Debug|Any CPU.ActiveCfg = Debug|Any CPU
		{E443E7E9-A606-4BB5-A040-B53E0276078D}.Debug|Any CPU.Build.0 = Debug|Any CPU
		{E443E7E9-A606-4BB5-A040-B53E0276078D}.Release|Any CPU.ActiveCfg = Release|Any CPU
		{E443E7E9-A606-4BB5-A040-B53E0276078D}.Release|Any CPU.Build.0 = Release|Any CPU
		{FD4F87AE-6F18-42F2-98E6-9940888D894F}.Debug|Any CPU.ActiveCfg = Debug|Any CPU
		{FD4F87AE-6F18-42F2-98E6-9940888D894F}.Debug|Any CPU.Build.0 = Debug|Any CPU
		{FD4F87AE-6F18-42F2-98E6-9940888D894F}.Release|Any CPU.ActiveCfg = Release|Any CPU
		{FD4F87AE-6F18-42F2-98E6-9940888D894F}.Release|Any CPU.Build.0 = Release|Any CPU
		{EA7A9612-A7FD-4ACE-859A-AAA009AEA27E}.Debug|Any CPU.ActiveCfg = Debug|Any CPU
		{EA7A9612-A7FD-4ACE-859A-AAA009AEA27E}.Debug|Any CPU.Build.0 = Debug|Any CPU
		{EA7A9612-A7FD-4ACE-859A-AAA009AEA27E}.Release|Any CPU.ActiveCfg = Release|Any CPU
		{EA7A9612-A7FD-4ACE-859A-AAA009AEA27E}.Release|Any CPU.Build.0 = Release|Any CPU
		{F6E5787F-6965-49F4-90CB-958F3997D2AA}.Debug|Any CPU.ActiveCfg = Debug|Any CPU
		{F6E5787F-6965-49F4-90CB-958F3997D2AA}.Debug|Any CPU.Build.0 = Debug|Any CPU
		{F6E5787F-6965-49F4-90CB-958F3997D2AA}.Release|Any CPU.ActiveCfg = Release|Any CPU
		{F6E5787F-6965-49F4-90CB-958F3997D2AA}.Release|Any CPU.Build.0 = Release|Any CPU
	EndGlobalSection
	GlobalSection(SolutionProperties) = preSolution
		HideSolutionNode = FALSE
	EndGlobalSection
	GlobalSection(ExtensibilityGlobals) = postSolution
		SolutionGuid = {BBBCF027-6733-444B-B03B-B16545D0AFBB}
	EndGlobalSection
EndGlobal
